
Microsoft Visual Studio Solution File, Format Version 12.00
# Visual Studio Version 17
VisualStudioVersion = 17.11.35312.102
MinimumVisualStudioVersion = 10.0.40219.1
Project("{FAE04EC0-301F-11D3-BF4B-00C04F79EFBC}") = "tic-tac-toe", "tic-tac-toe\tic-tac-toe.csproj", "{1A337845-A7D9-44E9-A320-AB265A0FED50}"
EndProject
Global
	GlobalSection(SolutionConfigurationPlatforms) = preSolution
		Debug|Any CPU = Debug|Any CPU
		Release|Any CPU = Release|Any CPU
	EndGlobalSection
	GlobalSection(ProjectConfigurationPlatforms) = postSolution
		{1A337845-A7D9-44E9-A320-AB265A0FED50}.Debug|Any CPU.ActiveCfg = Debug|Any CPU
		{1A337845-A7D9-44E9-A320-AB265A0FED50}.Debug|Any CPU.Build.0 = Debug|Any CPU
		{1A337845-A7D9-44E9-A320-AB265A0FED50}.Release|Any CPU.ActiveCfg = Release|Any CPU
		{1A337845-A7D9-44E9-A320-AB265A0FED50}.Release|Any CPU.Build.0 = Release|Any CPU
	EndGlobalSection
	GlobalSection(SolutionProperties) = preSolution
		HideSolutionNode = FALSE
	EndGlobalSection
	GlobalSection(ExtensibilityGlobals) = postSolution
		SolutionGuid = {24CB1E6E-DEDB-4766-BD2F-2ECD4B5546EC}
	EndGlobalSection
EndGlobal
